
Microsoft Visual Studio Solution File, Format Version 12.00
# Visual Studio Version 17
VisualStudioVersion = 17.14.36414.22 d17.14
MinimumVisualStudioVersion = 10.0.40219.1
Project("{FAE04EC0-301F-11D3-BF4B-00C04F79EFBC}") = "Lesson 3", "Lesson 3.csproj", "{4B3F2666-8E74-4964-A8FD-B92DF50B5197}"
EndProject
Global
	GlobalSection(SolutionConfigurationPlatforms) = preSolution
		Debug|Any CPU = Debug|Any CPU
		Release|Any CPU = Release|Any CPU
	EndGlobalSection
	GlobalSection(ProjectConfigurationPlatforms) = postSolution
		{4B3F2666-8E74-4964-A8FD-B92DF50B5197}.Debug|Any CPU.ActiveCfg = Debug|Any CPU
		{4B3F2666-8E74-4964-A8FD-B92DF50B5197}.Debug|Any CPU.Build.0 = Debug|Any CPU
		{4B3F2666-8E74-4964-A8FD-B92DF50B5197}.Release|Any CPU.ActiveCfg = Release|Any CPU
		{4B3F2666-8E74-4964-A8FD-B92DF50B5197}.Release|Any CPU.Build.0 = Release|Any CPU
	EndGlobalSection
	GlobalSection(SolutionProperties) = preSolution
		HideSolutionNode = FALSE
	EndGlobalSection
	GlobalSection(ExtensibilityGlobals) = postSolution
		SolutionGuid = {CA3A8FB5-6C28-4451-B3D7-DE6649056745}
	EndGlobalSection
EndGlobal
